{
  "requires": true,
  "lockfileVersion": 1,
  "dependencies": {
    "save-dev": {
      "version": "0.0.1-security",
      "resolved": "https://registry.npmjs.org/save-dev/-/save-dev-0.0.1-security.tgz",
      "integrity": "sha512-k6knZTDNK8PKKbIqnvxiOveJinuw2LcQjqDoaorZWP9M5AR2EPsnpDeSbeoZZ0pHr5ze1uoaKdK8NBGQrJ34Uw=="
    },
    "vuex": {
      "version": "3.1.1",
      "resolved": "https://registry.npmjs.org/vuex/-/vuex-3.1.1.tgz",
      "integrity": "sha512-ER5moSbLZuNSMBFnEBVGhQ1uCBNJslH9W/Dw2W7GZN23UQA69uapP5GTT9Vm8Trc0PzBSVt6LzF3hGjmv41xcg=="
    }
  }
}
